// !$*UTF8*$!
{
	archiveVersion = 1;
	classes = {
	};
	objectVersion = 51;
	objects = {

/* Begin PBXBuildFile section */
		81B65D122432F75700AF6EA4 /* AppDelegate.swift in Sources */ = {isa = PBXBuildFile; fileRef = 81B65D112432F75700AF6EA4 /* AppDelegate.swift */; };
		81B65D142432F75700AF6EA4 /* SceneDelegate.swift in Sources */ = {isa = PBXBuildFile; fileRef = 81B65D132432F75700AF6EA4 /* SceneDelegate.swift */; };
		81B65D162432F75700AF6EA4 /* ViewController.swift in Sources */ = {isa = PBXBuildFile; fileRef = 81B65D152432F75700AF6EA4 /* ViewController.swift */; };
		81B65D192432F75700AF6EA4 /* Main.storyboard in Resources */ = {isa = PBXBuildFile; fileRef = 81B65D172432F75700AF6EA4 /* Main.storyboard */; };
		81B65D1B2432F76000AF6EA4 /* Assets.xcassets in Resources */ = {isa = PBXBuildFile; fileRef = 81B65D1A2432F76000AF6EA4 /* Assets.xcassets */; };
		81B65D1E2432F76000AF6EA4 /* LaunchScreen.storyboard in Resources */ = {isa = PBXBuildFile; fileRef = 81B65D1C2432F76000AF6EA4 /* LaunchScreen.storyboard */; };
		81B65D262432F7A900AF6EA4 /* SignUpViewController.swift in Sources */ = {isa = PBXBuildFile; fileRef = 81B65D252432F7A900AF6EA4 /* SignUpViewController.swift */; };
		81B65D282432F7BF00AF6EA4 /* LoginViewController.swift in Sources */ = {isa = PBXBuildFile; fileRef = 81B65D272432F7BF00AF6EA4 /* LoginViewController.swift */; };
		81B65D2A2432F7CC00AF6EA4 /* HomeViewController.swift in Sources */ = {isa = PBXBuildFile; fileRef = 81B65D292432F7CC00AF6EA4 /* HomeViewController.swift */; };
		81B65D2D243306C500AF6EA4 /* Utilities.swift in Sources */ = {isa = PBXBuildFile; fileRef = 81B65D2C243306C500AF6EA4 /* Utilities.swift */; };
		81B65D3224330FF200AF6EA4 /* GoogleService-Info.plist in Resources */ = {isa = PBXBuildFile; fileRef = 81B65D3124330FF200AF6EA4 /* GoogleService-Info.plist */; };
		81B65D342433261200AF6EA4 /* Constants.swift in Sources */ = {isa = PBXBuildFile; fileRef = 81B65D332433261200AF6EA4 /* Constants.swift */; };
		AFB0B282A8EB2B9562CE4E4A /* Pods_Sign_In_Test.framework in Frameworks */ = {isa = PBXBuildFile; fileRef = 3B6D93D18F290BED3CFBEF43 /* Pods_Sign_In_Test.framework */; };
/* End PBXBuildFile section */

/* Begin PBXFileReference section */
		03C810593D147011E48C7FDC /* Pods-Sign In Test.release.xcconfig */ = {isa = PBXFileReference; includeInIndex = 1; lastKnownFileType = text.xcconfig; name = "Pods-Sign In Test.release.xcconfig"; path = "Target Support Files/Pods-Sign In Test/Pods-Sign In Test.release.xcconfig"; sourceTree = "<group>"; };
		3B6D93D18F290BED3CFBEF43 /* Pods_Sign_In_Test.framework */ = {isa = PBXFileReference; explicitFileType = wrapper.framework; includeInIndex = 0; path = Pods_Sign_In_Test.framework; sourceTree = BUILT_PRODUCTS_DIR; };
		81B65D0E2432F75700AF6EA4 /* Sign In Test.app */ = {isa = PBXFileReference; explicitFileType = wrapper.application; includeInIndex = 0; path = "Sign In Test.app"; sourceTree = BUILT_PRODUCTS_DIR; };
		81B65D112432F75700AF6EA4 /* AppDelegate.swift */ = {isa = PBXFileReference; lastKnownFileType = sourcecode.swift; path = AppDelegate.swift; sourceTree = "<group>"; };
		81B65D132432F75700AF6EA4 /* SceneDelegate.swift */ = {isa = PBXFileReference; lastKnownFileType = sourcecode.swift; path = SceneDelegate.swift; sourceTree = "<group>"; };
		81B65D152432F75700AF6EA4 /* ViewController.swift */ = {isa = PBXFileReference; lastKnownFileType = sourcecode.swift; path = ViewController.swift; sourceTree = "<group>"; };
		81B65D182432F75700AF6EA4 /* Base */ = {isa = PBXFileReference; lastKnownFileType = file.storyboard; name = Base; path = Base.lproj/Main.storyboard; sourceTree = "<group>"; };
		81B65D1A2432F76000AF6EA4 /* Assets.xcassets */ = {isa = PBXFileReference; lastKnownFileType = folder.assetcatalog; path = Assets.xcassets; sourceTree = "<group>"; };
		81B65D1D2432F76000AF6EA4 /* Base */ = {isa = PBXFileReference; lastKnownFileType = file.storyboard; name = Base; path = Base.lproj/LaunchScreen.storyboard; sourceTree = "<group>"; };
		81B65D1F2432F76000AF6EA4 /* Info.plist */ = {isa = PBXFileReference; lastKnownFileType = text.plist.xml; path = Info.plist; sourceTree = "<group>"; };
		81B65D252432F7A900AF6EA4 /* SignUpViewController.swift */ = {isa = PBXFileReference; lastKnownFileType = sourcecode.swift; path = SignUpViewController.swift; sourceTree = "<group>"; };
		81B65D272432F7BF00AF6EA4 /* LoginViewController.swift */ = {isa = PBXFileReference; lastKnownFileType = sourcecode.swift; path = LoginViewController.swift; sourceTree = "<group>"; };
		81B65D292432F7CC00AF6EA4 /* HomeViewController.swift */ = {isa = PBXFileReference; lastKnownFileType = sourcecode.swift; path = HomeViewController.swift; sourceTree = "<group>"; };
		81B65D2C243306C500AF6EA4 /* Utilities.swift */ = {isa = PBXFileReference; fileEncoding = 4; lastKnownFileType = sourcecode.swift; path = Utilities.swift; sourceTree = "<group>"; };
		81B65D3124330FF200AF6EA4 /* GoogleService-Info.plist */ = {isa = PBXFileReference; fileEncoding = 4; lastKnownFileType = text.plist.xml; path = "GoogleService-Info.plist"; sourceTree = "<group>"; };
		81B65D332433261200AF6EA4 /* Constants.swift */ = {isa = PBXFileReference; lastKnownFileType = sourcecode.swift; path = Constants.swift; sourceTree = "<group>"; };
		D9FF0E63C5D761B7DB9916D3 /* Pods-Sign In Test.debug.xcconfig */ = {isa = PBXFileReference; includeInIndex = 1; lastKnownFileType = text.xcconfig; name = "Pods-Sign In Test.debug.xcconfig"; path = "Target Support Files/Pods-Sign In Test/Pods-Sign In Test.debug.xcconfig"; sourceTree = "<group>"; };
/* End PBXFileReference section */

/* Begin PBXFrameworksBuildPhase section */
		81B65D0B2432F75700AF6EA4 /* Frameworks */ = {
			isa = PBXFrameworksBuildPhase;
			buildActionMask = 2147483647;
			files = (
				AFB0B282A8EB2B9562CE4E4A /* Pods_Sign_In_Test.framework in Frameworks */,
			);
			runOnlyForDeploymentPostprocessing = 0;
		};
/* End PBXFrameworksBuildPhase section */

/* Begin PBXGroup section */
		81B65D052432F75700AF6EA4 = {
			isa = PBXGroup;
			children = (
				81B65D102432F75700AF6EA4 /* Sign In Test */,
				81B65D0F2432F75700AF6EA4 /* Products */,
				81B65D3124330FF200AF6EA4 /* GoogleService-Info.plist */,
				D5BA9D31D68B5F66CEC9E90B /* Pods */,
				E4203762F0F3683BE9F47C61 /* Frameworks */,
			);
			sourceTree = "<group>";
		};
		81B65D0F2432F75700AF6EA4 /* Products */ = {
			isa = PBXGroup;
			children = (
				81B65D0E2432F75700AF6EA4 /* Sign In Test.app */,
			);
			name = Products;
			sourceTree = "<group>";
		};
		81B65D102432F75700AF6EA4 /* Sign In Test */ = {
			isa = PBXGroup;
			children = (
				81B65D2B2432F7D200AF6EA4 /* View Controllers */,
				81B65D112432F75700AF6EA4 /* AppDelegate.swift */,
				81B65D2E243306D600AF6EA4 /* Helpers */,
				81B65D132432F75700AF6EA4 /* SceneDelegate.swift */,
				81B65D152432F75700AF6EA4 /* ViewController.swift */,
				81B65D172432F75700AF6EA4 /* Main.storyboard */,
				81B65D1C2432F76000AF6EA4 /* LaunchScreen.storyboard */,
				81B65D1F2432F76000AF6EA4 /* Info.plist */,
				81B65D1A2432F76000AF6EA4 /* Assets.xcassets */,
			);
			path = "Sign In Test";
			sourceTree = "<group>";
		};
		81B65D2B2432F7D200AF6EA4 /* View Controllers */ = {
			isa = PBXGroup;
			children = (
				81B65D292432F7CC00AF6EA4 /* HomeViewController.swift */,
				81B65D272432F7BF00AF6EA4 /* LoginViewController.swift */,
				81B65D252432F7A900AF6EA4 /* SignUpViewController.swift */,
			);
			path = "View Controllers";
			sourceTree = "<group>";
		};
		81B65D2E243306D600AF6EA4 /* Helpers */ = {
			isa = PBXGroup;
			children = (
				81B65D2C243306C500AF6EA4 /* Utilities.swift */,
				81B65D332433261200AF6EA4 /* Constants.swift */,
			);
			path = Helpers;
			sourceTree = "<group>";
		};
		D5BA9D31D68B5F66CEC9E90B /* Pods */ = {
			isa = PBXGroup;
			children = (
				D9FF0E63C5D761B7DB9916D3 /* Pods-Sign In Test.debug.xcconfig */,
				03C810593D147011E48C7FDC /* Pods-Sign In Test.release.xcconfig */,
			);
			path = Pods;
			sourceTree = "<group>";
		};
		E4203762F0F3683BE9F47C61 /* Frameworks */ = {
			isa = PBXGroup;
			children = (
				3B6D93D18F290BED3CFBEF43 /* Pods_Sign_In_Test.framework */,
			);
			name = Frameworks;
			sourceTree = "<group>";
		};
/* End PBXGroup section */

/* Begin PBXNativeTarget section */
		81B65D0D2432F75700AF6EA4 /* Sign In Test */ = {
			isa = PBXNativeTarget;
			buildConfigurationList = 81B65D222432F76000AF6EA4 /* Build configuration list for PBXNativeTarget "Sign In Test" */;
			buildPhases = (
				A2BFE6D4CCC6B3FC9540FCE6 /* [CP] Check Pods Manifest.lock */,
				81B65D0A2432F75700AF6EA4 /* Sources */,
				81B65D0B2432F75700AF6EA4 /* Frameworks */,
				81B65D0C2432F75700AF6EA4 /* Resources */,
				949AD478CBE6E3F9F2BBB738 /* [CP] Embed Pods Frameworks */,
			);
			buildRules = (
			);
			dependencies = (
			);
			name = "Sign In Test";
			productName = "Sign In Test";
			productReference = 81B65D0E2432F75700AF6EA4 /* Sign In Test.app */;
			productType = "com.apple.product-type.application";
		};
/* End PBXNativeTarget section */

/* Begin PBXProject section */
		81B65D062432F75700AF6EA4 /* Project object */ = {
			isa = PBXProject;
			attributes = {
				LastSwiftUpdateCheck = 1140;
				LastUpgradeCheck = 1140;
				ORGANIZATIONNAME = "Gian Guerra";
				TargetAttributes = {
					81B65D0D2432F75700AF6EA4 = {
						CreatedOnToolsVersion = 11.4;
					};
				};
			};
			buildConfigurationList = 81B65D092432F75700AF6EA4 /* Build configuration list for PBXProject "Sign In Test" */;
			compatibilityVersion = "Xcode 9.3";
			developmentRegion = en;
			hasScannedForEncodings = 0;
			knownRegions = (
				en,
				Base,
			);
			mainGroup = 81B65D052432F75700AF6EA4;
			productRefGroup = 81B65D0F2432F75700AF6EA4 /* Products */;
			projectDirPath = "";
			projectRoot = "";
			targets = (
				81B65D0D2432F75700AF6EA4 /* Sign In Test */,
			);
		};
/* End PBXProject section */

/* Begin PBXResourcesBuildPhase section */
		81B65D0C2432F75700AF6EA4 /* Resources */ = {
			isa = PBXResourcesBuildPhase;
			buildActionMask = 2147483647;
			files = (
				81B65D1E2432F76000AF6EA4 /* LaunchScreen.storyboard in Resources */,
				81B65D1B2432F76000AF6EA4 /* Assets.xcassets in Resources */,
				81B65D3224330FF200AF6EA4 /* GoogleService-Info.plist in Resources */,
				81B65D192432F75700AF6EA4 /* Main.storyboard in Resources */,
			);
			runOnlyForDeploymentPostprocessing = 0;
		};
/* End PBXResourcesBuildPhase section */

/* Begin PBXShellScriptBuildPhase section */
		949AD478CBE6E3F9F2BBB738 /* [CP] Embed Pods Frameworks */ = {
			isa = PBXShellScriptBuildPhase;
			buildActionMask = 2147483647;
			files = (
			);
			inputFileListPaths = (
				"${PODS_ROOT}/Target Support Files/Pods-Sign In Test/Pods-Sign In Test-frameworks-${CONFIGURATION}-input-files.xcfilelist",
			);
			name = "[CP] Embed Pods Frameworks";
			outputFileListPaths = (
				"${PODS_ROOT}/Target Support Files/Pods-Sign In Test/Pods-Sign In Test-frameworks-${CONFIGURATION}-output-files.xcfilelist",
			);
			runOnlyForDeploymentPostprocessing = 0;
			shellPath = /bin/sh;
			shellScript = "\"${PODS_ROOT}/Target Support Files/Pods-Sign In Test/Pods-Sign In Test-frameworks.sh\"\n";
			showEnvVarsInLog = 0;
		};
		A2BFE6D4CCC6B3FC9540FCE6 /* [CP] Check Pods Manifest.lock */ = {
			isa = PBXShellScriptBuildPhase;
			buildActionMask = 2147483647;
			files = (
			);
			inputFileListPaths = (
			);
			inputPaths = (
				"${PODS_PODFILE_DIR_PATH}/Podfile.lock",
				"${PODS_ROOT}/Manifest.lock",
			);
			name = "[CP] Check Pods Manifest.lock";
			outputFileListPaths = (
			);
			outputPaths = (
				"$(DERIVED_FILE_DIR)/Pods-Sign In Test-checkManifestLockResult.txt",
			);
			runOnlyForDeploymentPostprocessing = 0;
			shellPath = /bin/sh;
			shellScript = "diff \"${PODS_PODFILE_DIR_PATH}/Podfile.lock\" \"${PODS_ROOT}/Manifest.lock\" > /dev/null\nif [ $? != 0 ] ; then\n    # print error to STDERR\n    echo \"error: The sandbox is not in sync with the Podfile.lock. Run 'pod install' or update your CocoaPods installation.\" >&2\n    exit 1\nfi\n# This output is used by Xcode 'outputs' to avoid re-running this script phase.\necho \"SUCCESS\" > \"${SCRIPT_OUTPUT_FILE_0}\"\n";
			showEnvVarsInLog = 0;
		};
/* End PBXShellScriptBuildPhase section */

/* Begin PBXSourcesBuildPhase section */
		81B65D0A2432F75700AF6EA4 /* Sources */ = {
			isa = PBXSourcesBuildPhase;
			buildActionMask = 2147483647;
			files = (
				81B65D162432F75700AF6EA4 /* ViewController.swift in Sources */,
				81B65D122432F75700AF6EA4 /* AppDelegate.swift in Sources */,
				81B65D2D243306C500AF6EA4 /* Utilities.swift in Sources */,
				81B65D262432F7A900AF6EA4 /* SignUpViewController.swift in Sources */,
				81B65D282432F7BF00AF6EA4 /* LoginViewController.swift in Sources */,
				81B65D142432F75700AF6EA4 /* SceneDelegate.swift in Sources */,
				81B65D2A2432F7CC00AF6EA4 /* HomeViewController.swift in Sources */,
				81B65D342433261200AF6EA4 /* Constants.swift in Sources */,
			);
			runOnlyForDeploymentPostprocessing = 0;
		};
/* End PBXSourcesBuildPhase section */

/* Begin PBXVariantGroup section */
		81B65D172432F75700AF6EA4 /* Main.storyboard */ = {
			isa = PBXVariantGroup;
			children = (
				81B65D182432F75700AF6EA4 /* Base */,
			);
			name = Main.storyboard;
			sourceTree = "<group>";
		};
		81B65D1C2432F76000AF6EA4 /* LaunchScreen.storyboard */ = {
			isa = PBXVariantGroup;
			children = (
				81B65D1D2432F76000AF6EA4 /* Base */,
			);
			name = LaunchScreen.storyboard;
			sourceTree = "<group>";
		};
/* End PBXVariantGroup section */

/* Begin XCBuildConfiguration section */
		81B65D202432F76000AF6EA4 /* Debug */ = {
			isa = XCBuildConfiguration;
			buildSettings = {
				ALWAYS_SEARCH_USER_PATHS = NO;
				CLANG_ANALYZER_NONNULL = YES;
				CLANG_ANALYZER_NUMBER_OBJECT_CONVERSION = YES_AGGRESSIVE;
				CLANG_CXX_LANGUAGE_STANDARD = "gnu++14";
				CLANG_CXX_LIBRARY = "libc++";
				CLANG_ENABLE_MODULES = YES;
				CLANG_ENABLE_OBJC_ARC = YES;
				CLANG_ENABLE_OBJC_WEAK = YES;
				CLANG_WARN_BLOCK_CAPTURE_AUTORELEASING = YES;
				CLANG_WARN_BOOL_CONVERSION = YES;
				CLANG_WARN_COMMA = YES;
				CLANG_WARN_CONSTANT_CONVERSION = YES;
				CLANG_WARN_DEPRECATED_OBJC_IMPLEMENTATIONS = YES;
				CLANG_WARN_DIRECT_OBJC_ISA_USAGE = YES_ERROR;
				CLANG_WARN_DOCUMENTATION_COMMENTS = YES;
				CLANG_WARN_EMPTY_BODY = YES;
				CLANG_WARN_ENUM_CONVERSION = YES;
				CLANG_WARN_INFINITE_RECURSION = YES;
				CLANG_WARN_INT_CONVERSION = YES;
				CLANG_WARN_NON_LITERAL_NULL_CONVERSION = YES;
				CLANG_WARN_OBJC_IMPLICIT_RETAIN_SELF = YES;
				CLANG_WARN_OBJC_LITERAL_CONVERSION = YES;
				CLANG_WARN_OBJC_ROOT_CLASS = YES_ERROR;
				CLANG_WARN_RANGE_LOOP_ANALYSIS = YES;
				CLANG_WARN_STRICT_PROTOTYPES = YES;
				CLANG_WARN_SUSPICIOUS_MOVE = YES;
				CLANG_WARN_UNGUARDED_AVAILABILITY = YES_AGGRESSIVE;
				CLANG_WARN_UNREACHABLE_CODE = YES;
				CLANG_WARN__DUPLICATE_METHOD_MATCH = YES;
				COPY_PHASE_STRIP = NO;
				DEBUG_INFORMATION_FORMAT = dwarf;
				ENABLE_STRICT_OBJC_MSGSEND = YES;
				ENABLE_TESTABILITY = YES;
				GCC_C_LANGUAGE_STANDARD = gnu11;
				GCC_DYNAMIC_NO_PIC = NO;
				GCC_NO_COMMON_BLOCKS = YES;
				GCC_OPTIMIZATION_LEVEL = 0;
				GCC_PREPROCESSOR_DEFINITIONS = (
					"DEBUG=1",
					"$(inherited)",
				);
				GCC_WARN_64_TO_32_BIT_CONVERSION = YES;
				GCC_WARN_ABOUT_RETURN_TYPE = YES_ERROR;
				GCC_WARN_UNDECLARED_SELECTOR = YES;
				GCC_WARN_UNINITIALIZED_AUTOS = YES_AGGRESSIVE;
				GCC_WARN_UNUSED_FUNCTION = YES;
				GCC_WARN_UNUSED_VARIABLE = YES;
				IPHONEOS_DEPLOYMENT_TARGET = 13.4;
				MTL_ENABLE_DEBUG_INFO = INCLUDE_SOURCE;
				MTL_FAST_MATH = YES;
				ONLY_ACTIVE_ARCH = YES;
				SDKROOT = iphoneos;
				SWIFT_ACTIVE_COMPILATION_CONDITIONS = DEBUG;
				SWIFT_OPTIMIZATION_LEVEL = "-Onone";
			};
			name = Debug;
		};
		81B65D212432F76000AF6EA4 /* Release */ = {
			isa = XCBuildConfiguration;
			buildSettings = {
				ALWAYS_SEARCH_USER_PATHS = NO;
				CLANG_ANALYZER_NONNULL = YES;
				CLANG_ANALYZER_NUMBER_OBJECT_CONVERSION = YES_AGGRESSIVE;
				CLANG_CXX_LANGUAGE_STANDARD = "gnu++14";
				CLANG_CXX_LIBRARY = "libc++";
				CLANG_ENABLE_MODULES = YES;
				CLANG_ENABLE_OBJC_ARC = YES;
				CLANG_ENABLE_OBJC_WEAK = YES;
				CLANG_WARN_BLOCK_CAPTURE_AUTORELEASING = YES;
				CLANG_WARN_BOOL_CONVERSION = YES;
				CLANG_WARN_COMMA = YES;
				CLANG_WARN_CONSTANT_CONVERSION = YES;
				CLANG_WARN_DEPRECATED_OBJC_IMPLEMENTATIONS = YES;
				CLANG_WARN_DIRECT_OBJC_ISA_USAGE = YES_ERROR;
				CLANG_WARN_DOCUMENTATION_COMMENTS = YES;
				CLANG_WARN_EMPTY_BODY = YES;
				CLANG_WARN_ENUM_CONVERSION = YES;
				CLANG_WARN_INFINITE_RECURSION = YES;
				CLANG_WARN_INT_CONVERSION = YES;
				CLANG_WARN_NON_LITERAL_NULL_CONVERSION = YES;
				CLANG_WARN_OBJC_IMPLICIT_RETAIN_SELF = YES;
				CLANG_WARN_OBJC_LITERAL_CONVERSION = YES;
				CLANG_WARN_OBJC_ROOT_CLASS = YES_ERROR;
				CLANG_WARN_RANGE_LOOP_ANALYSIS = YES;
				CLANG_WARN_STRICT_PROTOTYPES = YES;
				CLANG_WARN_SUSPICIOUS_MOVE = YES;
				CLANG_WARN_UNGUARDED_AVAILABILITY = YES_AGGRESSIVE;
				CLANG_WARN_UNREACHABLE_CODE = YES;
				CLANG_WARN__DUPLICATE_METHOD_MATCH = YES;
				COPY_PHASE_STRIP = NO;
				DEBUG_INFORMATION_FORMAT = "dwarf-with-dsym";
				ENABLE_NS_ASSERTIONS = NO;
				ENABLE_STRICT_OBJC_MSGSEND = YES;
				GCC_C_LANGUAGE_STANDARD = gnu11;
				GCC_NO_COMMON_BLOCKS = YES;
				GCC_WARN_64_TO_32_BIT_CONVERSION = YES;
				GCC_WARN_ABOUT_RETURN_TYPE = YES_ERROR;
				GCC_WARN_UNDECLARED_SELECTOR = YES;
				GCC_WARN_UNINITIALIZED_AUTOS = YES_AGGRESSIVE;
				GCC_WARN_UNUSED_FUNCTION = YES;
				GCC_WARN_UNUSED_VARIABLE = YES;
				IPHONEOS_DEPLOYMENT_TARGET = 13.4;
				MTL_ENABLE_DEBUG_INFO = NO;
				MTL_FAST_MATH = YES;
				SDKROOT = iphoneos;
				SWIFT_COMPILATION_MODE = wholemodule;
				SWIFT_OPTIMIZATION_LEVEL = "-O";
				VALIDATE_PRODUCT = YES;
			};
			name = Release;
		};
		81B65D232432F76000AF6EA4 /* Debug */ = {
			isa = XCBuildConfiguration;
			baseConfigurationReference = D9FF0E63C5D761B7DB9916D3 /* Pods-Sign In Test.debug.xcconfig */;
			buildSettings = {
				ASSETCATALOG_COMPILER_APPICON_NAME = AppIcon;
				CODE_SIGN_STYLE = Automatic;
				DEVELOPMENT_TEAM = V7T7739V9W;
				INFOPLIST_FILE = "Sign In Test/Info.plist";
				LD_RUNPATH_SEARCH_PATHS = (
					"$(inherited)",
					"@executable_path/Frameworks",
				);
				PRODUCT_BUNDLE_IDENTIFIER = "com.gianguerra.Sign-In-Test";
				PRODUCT_NAME = "$(TARGET_NAME)";
				SWIFT_VERSION = 5.0;
				TARGETED_DEVICE_FAMILY = "1,2";
			};
			name = Debug;
		};
		81B65D242432F76000AF6EA4 /* Release */ = {
			isa = XCBuildConfiguration;
			baseConfigurationReference = 03C810593D147011E48C7FDC /* Pods-Sign In Test.release.xcconfig */;
			buildSettings = {
				ASSETCATALOG_COMPILER_APPICON_NAME = AppIcon;
				CODE_SIGN_STYLE = Automatic;
				DEVELOPMENT_TEAM = V7T7739V9W;
				INFOPLIST_FILE = "Sign In Test/Info.plist";
				LD_RUNPATH_SEARCH_PATHS = (
					"$(inherited)",
					"@executable_path/Frameworks",
				);
				PRODUCT_BUNDLE_IDENTIFIER = "com.gianguerra.Sign-In-Test";
				PRODUCT_NAME = "$(TARGET_NAME)";
				SWIFT_VERSION = 5.0;
				TARGETED_DEVICE_FAMILY = "1,2";
			};
			name = Release;
		};
/* End XCBuildConfiguration section */

/* Begin XCConfigurationList section */
		81B65D092432F75700AF6EA4 /* Build configuration list for PBXProject "Sign In Test" */ = {
			isa = XCConfigurationList;
			buildConfigurations = (
				81B65D202432F76000AF6EA4 /* Debug */,
				81B65D212432F76000AF6EA4 /* Release */,
			);
			defaultConfigurationIsVisible = 0;
			defaultConfigurationName = Release;
		};
		81B65D222432F76000AF6EA4 /* Build configuration list for PBXNativeTarget "Sign In Test" */ = {
			isa = XCConfigurationList;
			buildConfigurations = (
				81B65D232432F76000AF6EA4 /* Debug */,
				81B65D242432F76000AF6EA4 /* Release */,
			);
			defaultConfigurationIsVisible = 0;
			defaultConfigurationName = Release;
		};
/* End XCConfigurationList section */
	};
	rootObject = 81B65D062432F75700AF6EA4 /* Project object */;
}
