// !$*UTF8*$!
{
	archiveVersion = 1;
	classes = {
	};
	objectVersion = 50;
	objects = {

/* Begin PBXBuildFile section */
		81D1CD17240ED96F009CBCB1 /* AppDelegate.swift in Sources */ = {isa = PBXBuildFile; fileRef = 81D1CD16240ED96F009CBCB1 /* AppDelegate.swift */; };
		81D1CD19240ED96F009CBCB1 /* SceneDelegate.swift in Sources */ = {isa = PBXBuildFile; fileRef = 81D1CD18240ED96F009CBCB1 /* SceneDelegate.swift */; };
		81D1CD1B240ED96F009CBCB1 /* ContentView.swift in Sources */ = {isa = PBXBuildFile; fileRef = 81D1CD1A240ED96F009CBCB1 /* ContentView.swift */; };
		81D1CD1D240ED975009CBCB1 /* Assets.xcassets in Resources */ = {isa = PBXBuildFile; fileRef = 81D1CD1C240ED975009CBCB1 /* Assets.xcassets */; };
		81D1CD20240ED975009CBCB1 /* Preview Assets.xcassets in Resources */ = {isa = PBXBuildFile; fileRef = 81D1CD1F240ED975009CBCB1 /* Preview Assets.xcassets */; };
		81D1CD23240ED975009CBCB1 /* LaunchScreen.storyboard in Resources */ = {isa = PBXBuildFile; fileRef = 81D1CD21240ED975009CBCB1 /* LaunchScreen.storyboard */; };
		81D1CD2B240EE110009CBCB1 /* ArmoryImage.swift in Sources */ = {isa = PBXBuildFile; fileRef = 81D1CD2A240EE110009CBCB1 /* ArmoryImage.swift */; };
		81D1CD2D240EE333009CBCB1 /* MapView.swift in Sources */ = {isa = PBXBuildFile; fileRef = 81D1CD2C240EE333009CBCB1 /* MapView.swift */; };
/* End PBXBuildFile section */

/* Begin PBXFileReference section */
		81D1CD13240ED96F009CBCB1 /* Test 2.app */ = {isa = PBXFileReference; explicitFileType = wrapper.application; includeInIndex = 0; path = "Test 2.app"; sourceTree = BUILT_PRODUCTS_DIR; };
		81D1CD16240ED96F009CBCB1 /* AppDelegate.swift */ = {isa = PBXFileReference; lastKnownFileType = sourcecode.swift; path = AppDelegate.swift; sourceTree = "<group>"; };
		81D1CD18240ED96F009CBCB1 /* SceneDelegate.swift */ = {isa = PBXFileReference; lastKnownFileType = sourcecode.swift; path = SceneDelegate.swift; sourceTree = "<group>"; };
		81D1CD1A240ED96F009CBCB1 /* ContentView.swift */ = {isa = PBXFileReference; lastKnownFileType = sourcecode.swift; path = ContentView.swift; sourceTree = "<group>"; };
		81D1CD1C240ED975009CBCB1 /* Assets.xcassets */ = {isa = PBXFileReference; lastKnownFileType = folder.assetcatalog; path = Assets.xcassets; sourceTree = "<group>"; };
		81D1CD1F240ED975009CBCB1 /* Preview Assets.xcassets */ = {isa = PBXFileReference; lastKnownFileType = folder.assetcatalog; path = "Preview Assets.xcassets"; sourceTree = "<group>"; };
		81D1CD22240ED975009CBCB1 /* Base */ = {isa = PBXFileReference; lastKnownFileType = file.storyboard; name = Base; path = Base.lproj/LaunchScreen.storyboard; sourceTree = "<group>"; };
		81D1CD24240ED975009CBCB1 /* Info.plist */ = {isa = PBXFileReference; lastKnownFileType = text.plist.xml; path = Info.plist; sourceTree = "<group>"; };
		81D1CD2A240EE110009CBCB1 /* ArmoryImage.swift */ = {isa = PBXFileReference; lastKnownFileType = sourcecode.swift; path = ArmoryImage.swift; sourceTree = "<group>"; };
		81D1CD2C240EE333009CBCB1 /* MapView.swift */ = {isa = PBXFileReference; lastKnownFileType = sourcecode.swift; path = MapView.swift; sourceTree = "<group>"; };
/* End PBXFileReference section */

/* Begin PBXFrameworksBuildPhase section */
		81D1CD10240ED96F009CBCB1 /* Frameworks */ = {
			isa = PBXFrameworksBuildPhase;
			buildActionMask = 2147483647;
			files = (
			);
			runOnlyForDeploymentPostprocessing = 0;
		};
/* End PBXFrameworksBuildPhase section */

/* Begin PBXGroup section */
		81D1CD0A240ED96F009CBCB1 = {
			isa = PBXGroup;
			children = (
				81D1CD15240ED96F009CBCB1 /* Test 2 */,
				81D1CD14240ED96F009CBCB1 /* Products */,
			);
			sourceTree = "<group>";
		};
		81D1CD14240ED96F009CBCB1 /* Products */ = {
			isa = PBXGroup;
			children = (
				81D1CD13240ED96F009CBCB1 /* Test 2.app */,
			);
			name = Products;
			sourceTree = "<group>";
		};
		81D1CD15240ED96F009CBCB1 /* Test 2 */ = {
			isa = PBXGroup;
			children = (
				81D1CD16240ED96F009CBCB1 /* AppDelegate.swift */,
				81D1CD18240ED96F009CBCB1 /* SceneDelegate.swift */,
				81D1CD1A240ED96F009CBCB1 /* ContentView.swift */,
				81D1CD1C240ED975009CBCB1 /* Assets.xcassets */,
				81D1CD2A240EE110009CBCB1 /* ArmoryImage.swift */,
				81D1CD2C240EE333009CBCB1 /* MapView.swift */,
				81D1CD21240ED975009CBCB1 /* LaunchScreen.storyboard */,
				81D1CD24240ED975009CBCB1 /* Info.plist */,
				81D1CD1E240ED975009CBCB1 /* Preview Content */,
			);
			path = "Test 2";
			sourceTree = "<group>";
		};
		81D1CD1E240ED975009CBCB1 /* Preview Content */ = {
			isa = PBXGroup;
			children = (
				81D1CD1F240ED975009CBCB1 /* Preview Assets.xcassets */,
			);
			path = "Preview Content";
			sourceTree = "<group>";
		};
/* End PBXGroup section */

/* Begin PBXNativeTarget section */
		81D1CD12240ED96F009CBCB1 /* Test 2 */ = {
			isa = PBXNativeTarget;
			buildConfigurationList = 81D1CD27240ED975009CBCB1 /* Build configuration list for PBXNativeTarget "Test 2" */;
			buildPhases = (
				81D1CD0F240ED96F009CBCB1 /* Sources */,
				81D1CD10240ED96F009CBCB1 /* Frameworks */,
				81D1CD11240ED96F009CBCB1 /* Resources */,
			);
			buildRules = (
			);
			dependencies = (
			);
			name = "Test 2";
			productName = "Test 2";
			productReference = 81D1CD13240ED96F009CBCB1 /* Test 2.app */;
			productType = "com.apple.product-type.application";
		};
/* End PBXNativeTarget section */

/* Begin PBXProject section */
		81D1CD0B240ED96F009CBCB1 /* Project object */ = {
			isa = PBXProject;
			attributes = {
				LastSwiftUpdateCheck = 1130;
				LastUpgradeCheck = 1130;
				ORGANIZATIONNAME = "Gian Guerra";
				TargetAttributes = {
					81D1CD12240ED96F009CBCB1 = {
						CreatedOnToolsVersion = 11.3.1;
					};
				};
			};
			buildConfigurationList = 81D1CD0E240ED96F009CBCB1 /* Build configuration list for PBXProject "Test 2" */;
			compatibilityVersion = "Xcode 9.3";
			developmentRegion = en;
			hasScannedForEncodings = 0;
			knownRegions = (
				en,
				Base,
			);
			mainGroup = 81D1CD0A240ED96F009CBCB1;
			productRefGroup = 81D1CD14240ED96F009CBCB1 /* Products */;
			projectDirPath = "";
			projectRoot = "";
			targets = (
				81D1CD12240ED96F009CBCB1 /* Test 2 */,
			);
		};
/* End PBXProject section */

/* Begin PBXResourcesBuildPhase section */
		81D1CD11240ED96F009CBCB1 /* Resources */ = {
			isa = PBXResourcesBuildPhase;
			buildActionMask = 2147483647;
			files = (
				81D1CD23240ED975009CBCB1 /* LaunchScreen.storyboard in Resources */,
				81D1CD20240ED975009CBCB1 /* Preview Assets.xcassets in Resources */,
				81D1CD1D240ED975009CBCB1 /* Assets.xcassets in Resources */,
			);
			runOnlyForDeploymentPostprocessing = 0;
		};
/* End PBXResourcesBuildPhase section */

/* Begin PBXSourcesBuildPhase section */
		81D1CD0F240ED96F009CBCB1 /* Sources */ = {
			isa = PBXSourcesBuildPhase;
			buildActionMask = 2147483647;
			files = (
				81D1CD17240ED96F009CBCB1 /* AppDelegate.swift in Sources */,
				81D1CD2B240EE110009CBCB1 /* ArmoryImage.swift in Sources */,
				81D1CD2D240EE333009CBCB1 /* MapView.swift in Sources */,
				81D1CD19240ED96F009CBCB1 /* SceneDelegate.swift in Sources */,
				81D1CD1B240ED96F009CBCB1 /* ContentView.swift in Sources */,
			);
			runOnlyForDeploymentPostprocessing = 0;
		};
/* End PBXSourcesBuildPhase section */

/* Begin PBXVariantGroup section */
		81D1CD21240ED975009CBCB1 /* LaunchScreen.storyboard */ = {
			isa = PBXVariantGroup;
			children = (
				81D1CD22240ED975009CBCB1 /* Base */,
			);
			name = LaunchScreen.storyboard;
			sourceTree = "<group>";
		};
/* End PBXVariantGroup section */

/* Begin XCBuildConfiguration section */
		81D1CD25240ED975009CBCB1 /* Debug */ = {
			isa = XCBuildConfiguration;
			buildSettings = {
				ALWAYS_SEARCH_USER_PATHS = NO;
				CLANG_ANALYZER_NONNULL = YES;
				CLANG_ANALYZER_NUMBER_OBJECT_CONVERSION = YES_AGGRESSIVE;
				CLANG_CXX_LANGUAGE_STANDARD = "gnu++14";
				CLANG_CXX_LIBRARY = "libc++";
				CLANG_ENABLE_MODULES = YES;
				CLANG_ENABLE_OBJC_ARC = YES;
				CLANG_ENABLE_OBJC_WEAK = YES;
				CLANG_WARN_BLOCK_CAPTURE_AUTORELEASING = YES;
				CLANG_WARN_BOOL_CONVERSION = YES;
				CLANG_WARN_COMMA = YES;
				CLANG_WARN_CONSTANT_CONVERSION = YES;
				CLANG_WARN_DEPRECATED_OBJC_IMPLEMENTATIONS = YES;
				CLANG_WARN_DIRECT_OBJC_ISA_USAGE = YES_ERROR;
				CLANG_WARN_DOCUMENTATION_COMMENTS = YES;
				CLANG_WARN_EMPTY_BODY = YES;
				CLANG_WARN_ENUM_CONVERSION = YES;
				CLANG_WARN_INFINITE_RECURSION = YES;
				CLANG_WARN_INT_CONVERSION = YES;
				CLANG_WARN_NON_LITERAL_NULL_CONVERSION = YES;
				CLANG_WARN_OBJC_IMPLICIT_RETAIN_SELF = YES;
				CLANG_WARN_OBJC_LITERAL_CONVERSION = YES;
				CLANG_WARN_OBJC_ROOT_CLASS = YES_ERROR;
				CLANG_WARN_RANGE_LOOP_ANALYSIS = YES;
				CLANG_WARN_STRICT_PROTOTYPES = YES;
				CLANG_WARN_SUSPICIOUS_MOVE = YES;
				CLANG_WARN_UNGUARDED_AVAILABILITY = YES_AGGRESSIVE;
				CLANG_WARN_UNREACHABLE_CODE = YES;
				CLANG_WARN__DUPLICATE_METHOD_MATCH = YES;
				COPY_PHASE_STRIP = NO;
				DEBUG_INFORMATION_FORMAT = dwarf;
				ENABLE_STRICT_OBJC_MSGSEND = YES;
				ENABLE_TESTABILITY = YES;
				GCC_C_LANGUAGE_STANDARD = gnu11;
				GCC_DYNAMIC_NO_PIC = NO;
				GCC_NO_COMMON_BLOCKS = YES;
				GCC_OPTIMIZATION_LEVEL = 0;
				GCC_PREPROCESSOR_DEFINITIONS = (
					"DEBUG=1",
					"$(inherited)",
				);
				GCC_WARN_64_TO_32_BIT_CONVERSION = YES;
				GCC_WARN_ABOUT_RETURN_TYPE = YES_ERROR;
				GCC_WARN_UNDECLARED_SELECTOR = YES;
				GCC_WARN_UNINITIALIZED_AUTOS = YES_AGGRESSIVE;
				GCC_WARN_UNUSED_FUNCTION = YES;
				GCC_WARN_UNUSED_VARIABLE = YES;
				IPHONEOS_DEPLOYMENT_TARGET = 13.2;
				MTL_ENABLE_DEBUG_INFO = INCLUDE_SOURCE;
				MTL_FAST_MATH = YES;
				ONLY_ACTIVE_ARCH = YES;
				SDKROOT = iphoneos;
				SWIFT_ACTIVE_COMPILATION_CONDITIONS = DEBUG;
				SWIFT_OPTIMIZATION_LEVEL = "-Onone";
			};
			name = Debug;
		};
		81D1CD26240ED975009CBCB1 /* Release */ = {
			isa = XCBuildConfiguration;
			buildSettings = {
				ALWAYS_SEARCH_USER_PATHS = NO;
				CLANG_ANALYZER_NONNULL = YES;
				CLANG_ANALYZER_NUMBER_OBJECT_CONVERSION = YES_AGGRESSIVE;
				CLANG_CXX_LANGUAGE_STANDARD = "gnu++14";
				CLANG_CXX_LIBRARY = "libc++";
				CLANG_ENABLE_MODULES = YES;
				CLANG_ENABLE_OBJC_ARC = YES;
				CLANG_ENABLE_OBJC_WEAK = YES;
				CLANG_WARN_BLOCK_CAPTURE_AUTORELEASING = YES;
				CLANG_WARN_BOOL_CONVERSION = YES;
				CLANG_WARN_COMMA = YES;
				CLANG_WARN_CONSTANT_CONVERSION = YES;
				CLANG_WARN_DEPRECATED_OBJC_IMPLEMENTATIONS = YES;
				CLANG_WARN_DIRECT_OBJC_ISA_USAGE = YES_ERROR;
				CLANG_WARN_DOCUMENTATION_COMMENTS = YES;
				CLANG_WARN_EMPTY_BODY = YES;
				CLANG_WARN_ENUM_CONVERSION = YES;
				CLANG_WARN_INFINITE_RECURSION = YES;
				CLANG_WARN_INT_CONVERSION = YES;
				CLANG_WARN_NON_LITERAL_NULL_CONVERSION = YES;
				CLANG_WARN_OBJC_IMPLICIT_RETAIN_SELF = YES;
				CLANG_WARN_OBJC_LITERAL_CONVERSION = YES;
				CLANG_WARN_OBJC_ROOT_CLASS = YES_ERROR;
				CLANG_WARN_RANGE_LOOP_ANALYSIS = YES;
				CLANG_WARN_STRICT_PROTOTYPES = YES;
				CLANG_WARN_SUSPICIOUS_MOVE = YES;
				CLANG_WARN_UNGUARDED_AVAILABILITY = YES_AGGRESSIVE;
				CLANG_WARN_UNREACHABLE_CODE = YES;
				CLANG_WARN__DUPLICATE_METHOD_MATCH = YES;
				COPY_PHASE_STRIP = NO;
				DEBUG_INFORMATION_FORMAT = "dwarf-with-dsym";
				ENABLE_NS_ASSERTIONS = NO;
				ENABLE_STRICT_OBJC_MSGSEND = YES;
				GCC_C_LANGUAGE_STANDARD = gnu11;
				GCC_NO_COMMON_BLOCKS = YES;
				GCC_WARN_64_TO_32_BIT_CONVERSION = YES;
				GCC_WARN_ABOUT_RETURN_TYPE = YES_ERROR;
				GCC_WARN_UNDECLARED_SELECTOR = YES;
				GCC_WARN_UNINITIALIZED_AUTOS = YES_AGGRESSIVE;
				GCC_WARN_UNUSED_FUNCTION = YES;
				GCC_WARN_UNUSED_VARIABLE = YES;
				IPHONEOS_DEPLOYMENT_TARGET = 13.2;
				MTL_ENABLE_DEBUG_INFO = NO;
				MTL_FAST_MATH = YES;
				SDKROOT = iphoneos;
				SWIFT_COMPILATION_MODE = wholemodule;
				SWIFT_OPTIMIZATION_LEVEL = "-O";
				VALIDATE_PRODUCT = YES;
			};
			name = Release;
		};
		81D1CD28240ED975009CBCB1 /* Debug */ = {
			isa = XCBuildConfiguration;
			buildSettings = {
				ASSETCATALOG_COMPILER_APPICON_NAME = AppIcon;
				CODE_SIGN_STYLE = Automatic;
				DEVELOPMENT_ASSET_PATHS = "\"Test 2/Preview Content\"";
				DEVELOPMENT_TEAM = V7T7739V9W;
				ENABLE_PREVIEWS = YES;
				INFOPLIST_FILE = "Test 2/Info.plist";
				LD_RUNPATH_SEARCH_PATHS = (
					"$(inherited)",
					"@executable_path/Frameworks",
				);
				PRODUCT_BUNDLE_IDENTIFIER = "com.gianguerra.Test-2";
				PRODUCT_NAME = "$(TARGET_NAME)";
				SWIFT_VERSION = 5.0;
				TARGETED_DEVICE_FAMILY = "1,2";
			};
			name = Debug;
		};
		81D1CD29240ED975009CBCB1 /* Release */ = {
			isa = XCBuildConfiguration;
			buildSettings = {
				ASSETCATALOG_COMPILER_APPICON_NAME = AppIcon;
				CODE_SIGN_STYLE = Automatic;
				DEVELOPMENT_ASSET_PATHS = "\"Test 2/Preview Content\"";
				DEVELOPMENT_TEAM = V7T7739V9W;
				ENABLE_PREVIEWS = YES;
				INFOPLIST_FILE = "Test 2/Info.plist";
				LD_RUNPATH_SEARCH_PATHS = (
					"$(inherited)",
					"@executable_path/Frameworks",
				);
				PRODUCT_BUNDLE_IDENTIFIER = "com.gianguerra.Test-2";
				PRODUCT_NAME = "$(TARGET_NAME)";
				SWIFT_VERSION = 5.0;
				TARGETED_DEVICE_FAMILY = "1,2";
			};
			name = Release;
		};
/* End XCBuildConfiguration section */

/* Begin XCConfigurationList section */
		81D1CD0E240ED96F009CBCB1 /* Build configuration list for PBXProject "Test 2" */ = {
			isa = XCConfigurationList;
			buildConfigurations = (
				81D1CD25240ED975009CBCB1 /* Debug */,
				81D1CD26240ED975009CBCB1 /* Release */,
			);
			defaultConfigurationIsVisible = 0;
			defaultConfigurationName = Release;
		};
		81D1CD27240ED975009CBCB1 /* Build configuration list for PBXNativeTarget "Test 2" */ = {
			isa = XCConfigurationList;
			buildConfigurations = (
				81D1CD28240ED975009CBCB1 /* Debug */,
				81D1CD29240ED975009CBCB1 /* Release */,
			);
			defaultConfigurationIsVisible = 0;
			defaultConfigurationName = Release;
		};
/* End XCConfigurationList section */
	};
	rootObject = 81D1CD0B240ED96F009CBCB1 /* Project object */;
}
